
Microsoft Visual Studio Solution File, Format Version 12.00
# Visual Studio 15
VisualStudioVersion = 15.0.28010.2036
MinimumVisualStudioVersion = 10.0.40219.1
Project("{FAE04EC0-301F-11D3-BF4B-00C04F79EFBC}") = "Forum", "Forum.csproj", "{D85C93F4-A1F2-47FE-926C-B7B7DA42FD0D}"
EndProject
Global
	GlobalSection(SolutionConfigurationPlatforms) = preSolution
		Debug|Any CPU = Debug|Any CPU
		Release|Any CPU = Release|Any CPU
	EndGlobalSection
	GlobalSection(ProjectConfigurationPlatforms) = postSolution
		{D85C93F4-A1F2-47FE-926C-B7B7DA42FD0D}.Debug|Any CPU.ActiveCfg = Debug|Any CPU
		{D85C93F4-A1F2-47FE-926C-B7B7DA42FD0D}.Debug|Any CPU.Build.0 = Debug|Any CPU
		{D85C93F4-A1F2-47FE-926C-B7B7DA42FD0D}.Release|Any CPU.ActiveCfg = Release|Any CPU
		{D85C93F4-A1F2-47FE-926C-B7B7DA42FD0D}.Release|Any CPU.Build.0 = Release|Any CPU
	EndGlobalSection
	GlobalSection(SolutionProperties) = preSolution
		HideSolutionNode = FALSE
	EndGlobalSection
	GlobalSection(ExtensibilityGlobals) = postSolution
		SolutionGuid = {88C0528F-66E0-43B4-864B-C0D7A01667F6}
	EndGlobalSection
EndGlobal
